// !$*UTF8*$!
{
	archiveVersion = 1;
	classes = {
	};
	objectVersion = 51;
	objects = {

/* Begin PBXBuildFile section */
		52B8979C23FC665E001CC298 /* AppDelegate.swift in Sources */ = {isa = PBXBuildFile; fileRef = 52B8979B23FC665E001CC298 /* AppDelegate.swift */; };
		52B8979E23FC665E001CC298 /* SceneDelegate.swift in Sources */ = {isa = PBXBuildFile; fileRef = 52B8979D23FC665E001CC298 /* SceneDelegate.swift */; };
		52B897A023FC665E001CC298 /* MapViewController.swift in Sources */ = {isa = PBXBuildFile; fileRef = 52B8979F23FC665E001CC298 /* MapViewController.swift */; };
		52B897A323FC665E001CC298 /* Main.storyboard in Resources */ = {isa = PBXBuildFile; fileRef = 52B897A123FC665E001CC298 /* Main.storyboard */; };
		52B897A523FC6664001CC298 /* Assets.xcassets in Resources */ = {isa = PBXBuildFile; fileRef = 52B897A423FC6664001CC298 /* Assets.xcassets */; };
		52B897A823FC6664001CC298 /* LaunchScreen.storyboard in Resources */ = {isa = PBXBuildFile; fileRef = 52B897A623FC6664001CC298 /* LaunchScreen.storyboard */; };
		52B897B323FC6665001CC298 /* HystouriTests.swift in Sources */ = {isa = PBXBuildFile; fileRef = 52B897B223FC6665001CC298 /* HystouriTests.swift */; };
		52B897BE23FC6665001CC298 /* HystouriUITests.swift in Sources */ = {isa = PBXBuildFile; fileRef = 52B897BD23FC6665001CC298 /* HystouriUITests.swift */; };
		537896D82404471800D65AFB /* SignUpViewController.swift in Sources */ = {isa = PBXBuildFile; fileRef = 537896D72404471800D65AFB /* SignUpViewController.swift */; };
		537896DA2404474100D65AFB /* LogInViewController.swift in Sources */ = {isa = PBXBuildFile; fileRef = 537896D92404474100D65AFB /* LogInViewController.swift */; };
		537896DC240447B500D65AFB /* ProfileViewController.swift in Sources */ = {isa = PBXBuildFile; fileRef = 537896DB240447B500D65AFB /* ProfileViewController.swift */; };
		5397D03C2400459F0060F602 /* GoogleService-Info (3).plist in Resources */ = {isa = PBXBuildFile; fileRef = 5397D03B2400459F0060F602 /* GoogleService-Info (3).plist */; };
		B5636774D3F21E698C184F0C /* Pods_Hystouri.framework in Frameworks */ = {isa = PBXBuildFile; fileRef = A553E1670D8CADA09F0C7C90 /* Pods_Hystouri.framework */; };
/* End PBXBuildFile section */

/* Begin PBXContainerItemProxy section */
		52B897AF23FC6665001CC298 /* PBXContainerItemProxy */ = {
			isa = PBXContainerItemProxy;
			containerPortal = 52B8979023FC665D001CC298 /* Project object */;
			proxyType = 1;
			remoteGlobalIDString = 52B8979723FC665E001CC298;
			remoteInfo = Hystouri;
		};
		52B897BA23FC6665001CC298 /* PBXContainerItemProxy */ = {
			isa = PBXContainerItemProxy;
			containerPortal = 52B8979023FC665D001CC298 /* Project object */;
			proxyType = 1;
			remoteGlobalIDString = 52B8979723FC665E001CC298;
			remoteInfo = Hystouri;
		};
/* End PBXContainerItemProxy section */

/* Begin PBXFileReference section */
		12D57088B0DED1F005E0E90C /* Pods-Hystouri.release.xcconfig */ = {isa = PBXFileReference; includeInIndex = 1; lastKnownFileType = text.xcconfig; name = "Pods-Hystouri.release.xcconfig"; path = "Target Support Files/Pods-Hystouri/Pods-Hystouri.release.xcconfig"; sourceTree = "<group>"; };
		52B8979823FC665E001CC298 /* Hystouri.app */ = {isa = PBXFileReference; explicitFileType = wrapper.application; includeInIndex = 0; path = Hystouri.app; sourceTree = BUILT_PRODUCTS_DIR; };
		52B8979B23FC665E001CC298 /* AppDelegate.swift */ = {isa = PBXFileReference; lastKnownFileType = sourcecode.swift; path = AppDelegate.swift; sourceTree = "<group>"; };
		52B8979D23FC665E001CC298 /* SceneDelegate.swift */ = {isa = PBXFileReference; lastKnownFileType = sourcecode.swift; path = SceneDelegate.swift; sourceTree = "<group>"; };
		52B8979F23FC665E001CC298 /* MapViewController.swift */ = {isa = PBXFileReference; lastKnownFileType = sourcecode.swift; path = MapViewController.swift; sourceTree = "<group>"; };
		52B897A223FC665E001CC298 /* Base */ = {isa = PBXFileReference; lastKnownFileType = file.storyboard; name = Base; path = Base.lproj/Main.storyboard; sourceTree = "<group>"; };
		52B897A423FC6664001CC298 /* Assets.xcassets */ = {isa = PBXFileReference; lastKnownFileType = folder.assetcatalog; path = Assets.xcassets; sourceTree = "<group>"; };
		52B897A723FC6664001CC298 /* Base */ = {isa = PBXFileReference; lastKnownFileType = file.storyboard; name = Base; path = Base.lproj/LaunchScreen.storyboard; sourceTree = "<group>"; };
		52B897A923FC6664001CC298 /* Info.plist */ = {isa = PBXFileReference; lastKnownFileType = text.plist.xml; path = Info.plist; sourceTree = "<group>"; };
		52B897AE23FC6665001CC298 /* HystouriTests.xctest */ = {isa = PBXFileReference; explicitFileType = wrapper.cfbundle; includeInIndex = 0; path = HystouriTests.xctest; sourceTree = BUILT_PRODUCTS_DIR; };
		52B897B223FC6665001CC298 /* HystouriTests.swift */ = {isa = PBXFileReference; lastKnownFileType = sourcecode.swift; path = HystouriTests.swift; sourceTree = "<group>"; };
		52B897B423FC6665001CC298 /* Info.plist */ = {isa = PBXFileReference; lastKnownFileType = text.plist.xml; path = Info.plist; sourceTree = "<group>"; };
		52B897B923FC6665001CC298 /* HystouriUITests.xctest */ = {isa = PBXFileReference; explicitFileType = wrapper.cfbundle; includeInIndex = 0; path = HystouriUITests.xctest; sourceTree = BUILT_PRODUCTS_DIR; };
		52B897BD23FC6665001CC298 /* HystouriUITests.swift */ = {isa = PBXFileReference; lastKnownFileType = sourcecode.swift; path = HystouriUITests.swift; sourceTree = "<group>"; };
		52B897BF23FC6665001CC298 /* Info.plist */ = {isa = PBXFileReference; lastKnownFileType = text.plist.xml; path = Info.plist; sourceTree = "<group>"; };
		537896D72404471800D65AFB /* SignUpViewController.swift */ = {isa = PBXFileReference; lastKnownFileType = sourcecode.swift; path = SignUpViewController.swift; sourceTree = "<group>"; };
		537896D92404474100D65AFB /* LogInViewController.swift */ = {isa = PBXFileReference; lastKnownFileType = sourcecode.swift; path = LogInViewController.swift; sourceTree = "<group>"; };
		537896DB240447B500D65AFB /* ProfileViewController.swift */ = {isa = PBXFileReference; lastKnownFileType = sourcecode.swift; path = ProfileViewController.swift; sourceTree = "<group>"; };
		5397D03B2400459F0060F602 /* GoogleService-Info (3).plist */ = {isa = PBXFileReference; fileEncoding = 4; lastKnownFileType = text.plist.xml; path = "GoogleService-Info (3).plist"; sourceTree = "<group>"; };
		A4161A55A0344DF54B3B9E15 /* Pods-Hystouri.debug.xcconfig */ = {isa = PBXFileReference; includeInIndex = 1; lastKnownFileType = text.xcconfig; name = "Pods-Hystouri.debug.xcconfig"; path = "Target Support Files/Pods-Hystouri/Pods-Hystouri.debug.xcconfig"; sourceTree = "<group>"; };
		A553E1670D8CADA09F0C7C90 /* Pods_Hystouri.framework */ = {isa = PBXFileReference; explicitFileType = wrapper.framework; includeInIndex = 0; path = Pods_Hystouri.framework; sourceTree = BUILT_PRODUCTS_DIR; };
/* End PBXFileReference section */

/* Begin PBXFrameworksBuildPhase section */
		52B8979523FC665E001CC298 /* Frameworks */ = {
			isa = PBXFrameworksBuildPhase;
			buildActionMask = 2147483647;
			files = (
				B5636774D3F21E698C184F0C /* Pods_Hystouri.framework in Frameworks */,
			);
			runOnlyForDeploymentPostprocessing = 0;
		};
		52B897AB23FC6665001CC298 /* Frameworks */ = {
			isa = PBXFrameworksBuildPhase;
			buildActionMask = 2147483647;
			files = (
			);
			runOnlyForDeploymentPostprocessing = 0;
		};
		52B897B623FC6665001CC298 /* Frameworks */ = {
			isa = PBXFrameworksBuildPhase;
			buildActionMask = 2147483647;
			files = (
			);
			runOnlyForDeploymentPostprocessing = 0;
		};
/* End PBXFrameworksBuildPhase section */

/* Begin PBXGroup section */
		44F25237D38DF1E0356249FF /* Pods */ = {
			isa = PBXGroup;
			children = (
				A4161A55A0344DF54B3B9E15 /* Pods-Hystouri.debug.xcconfig */,
				12D57088B0DED1F005E0E90C /* Pods-Hystouri.release.xcconfig */,
			);
			path = Pods;
			sourceTree = "<group>";
		};
		52B8978F23FC665D001CC298 = {
			isa = PBXGroup;
			children = (
				52B8979A23FC665E001CC298 /* Hystouri */,
				52B897B123FC6665001CC298 /* HystouriTests */,
				52B897BC23FC6665001CC298 /* HystouriUITests */,
				52B8979923FC665E001CC298 /* Products */,
				44F25237D38DF1E0356249FF /* Pods */,
				8E096804374072378DCEB368 /* Frameworks */,
			);
			sourceTree = "<group>";
		};
		52B8979923FC665E001CC298 /* Products */ = {
			isa = PBXGroup;
			children = (
				52B8979823FC665E001CC298 /* Hystouri.app */,
				52B897AE23FC6665001CC298 /* HystouriTests.xctest */,
				52B897B923FC6665001CC298 /* HystouriUITests.xctest */,
			);
			name = Products;
			sourceTree = "<group>";
		};
		52B8979A23FC665E001CC298 /* Hystouri */ = {
			isa = PBXGroup;
			children = (
				52B8979B23FC665E001CC298 /* AppDelegate.swift */,
				52B8979D23FC665E001CC298 /* SceneDelegate.swift */,
				52B8979F23FC665E001CC298 /* MapViewController.swift */,
				52B897A123FC665E001CC298 /* Main.storyboard */,
				52B897A423FC6664001CC298 /* Assets.xcassets */,
				52B897A623FC6664001CC298 /* LaunchScreen.storyboard */,
				5397D03B2400459F0060F602 /* GoogleService-Info (3).plist */,
				52B897A923FC6664001CC298 /* Info.plist */,
				537896D72404471800D65AFB /* SignUpViewController.swift */,
				537896D92404474100D65AFB /* LogInViewController.swift */,
				537896DB240447B500D65AFB /* ProfileViewController.swift */,
			);
			path = Hystouri;
			sourceTree = "<group>";
		};
		52B897B123FC6665001CC298 /* HystouriTests */ = {
			isa = PBXGroup;
			children = (
				52B897B223FC6665001CC298 /* HystouriTests.swift */,
				52B897B423FC6665001CC298 /* Info.plist */,
			);
			path = HystouriTests;
			sourceTree = "<group>";
		};
		52B897BC23FC6665001CC298 /* HystouriUITests */ = {
			isa = PBXGroup;
			children = (
				52B897BD23FC6665001CC298 /* HystouriUITests.swift */,
				52B897BF23FC6665001CC298 /* Info.plist */,
			);
			path = HystouriUITests;
			sourceTree = "<group>";
		};
		8E096804374072378DCEB368 /* Frameworks */ = {
			isa = PBXGroup;
			children = (
				A553E1670D8CADA09F0C7C90 /* Pods_Hystouri.framework */,
			);
			name = Frameworks;
			sourceTree = "<group>";
		};
/* End PBXGroup section */

/* Begin PBXNativeTarget section */
		52B8979723FC665E001CC298 /* Hystouri */ = {
			isa = PBXNativeTarget;
			buildConfigurationList = 52B897C223FC6665001CC298 /* Build configuration list for PBXNativeTarget "Hystouri" */;
			buildPhases = (
				B4911270BAE1215FCF50C563 /* [CP] Check Pods Manifest.lock */,
				52B8979423FC665E001CC298 /* Sources */,
				52B8979523FC665E001CC298 /* Frameworks */,
				52B8979623FC665E001CC298 /* Resources */,
				830161EB14E81C530C19A7EE /* [CP] Embed Pods Frameworks */,
			);
			buildRules = (
			);
			dependencies = (
			);
			name = Hystouri;
			productName = Hystouri;
			productReference = 52B8979823FC665E001CC298 /* Hystouri.app */;
			productType = "com.apple.product-type.application";
		};
		52B897AD23FC6665001CC298 /* HystouriTests */ = {
			isa = PBXNativeTarget;
			buildConfigurationList = 52B897C523FC6665001CC298 /* Build configuration list for PBXNativeTarget "HystouriTests" */;
			buildPhases = (
				52B897AA23FC6665001CC298 /* Sources */,
				52B897AB23FC6665001CC298 /* Frameworks */,
				52B897AC23FC6665001CC298 /* Resources */,
			);
			buildRules = (
			);
			dependencies = (
				52B897B023FC6665001CC298 /* PBXTargetDependency */,
			);
			name = HystouriTests;
			productName = HystouriTests;
			productReference = 52B897AE23FC6665001CC298 /* HystouriTests.xctest */;
			productType = "com.apple.product-type.bundle.unit-test";
		};
		52B897B823FC6665001CC298 /* HystouriUITests */ = {
			isa = PBXNativeTarget;
			buildConfigurationList = 52B897C823FC6665001CC298 /* Build configuration list for PBXNativeTarget "HystouriUITests" */;
			buildPhases = (
				52B897B523FC6665001CC298 /* Sources */,
				52B897B623FC6665001CC298 /* Frameworks */,
				52B897B723FC6665001CC298 /* Resources */,
			);
			buildRules = (
			);
			dependencies = (
				52B897BB23FC6665001CC298 /* PBXTargetDependency */,
			);
			name = HystouriUITests;
			productName = HystouriUITests;
			productReference = 52B897B923FC6665001CC298 /* HystouriUITests.xctest */;
			productType = "com.apple.product-type.bundle.ui-testing";
		};
/* End PBXNativeTarget section */

/* Begin PBXProject section */
		52B8979023FC665D001CC298 /* Project object */ = {
			isa = PBXProject;
			attributes = {
				LastSwiftUpdateCheck = 1130;
				LastUpgradeCheck = 1130;
				ORGANIZATIONNAME = "Isaac Bredbenner (student LM)";
				TargetAttributes = {
					52B8979723FC665E001CC298 = {
						CreatedOnToolsVersion = 11.3.1;
					};
					52B897AD23FC6665001CC298 = {
						CreatedOnToolsVersion = 11.3.1;
						TestTargetID = 52B8979723FC665E001CC298;
					};
					52B897B823FC6665001CC298 = {
						CreatedOnToolsVersion = 11.3.1;
						TestTargetID = 52B8979723FC665E001CC298;
					};
				};
			};
			buildConfigurationList = 52B8979323FC665D001CC298 /* Build configuration list for PBXProject "Hystouri" */;
			compatibilityVersion = "Xcode 9.3";
			developmentRegion = en;
			hasScannedForEncodings = 0;
			knownRegions = (
				en,
				Base,
			);
			mainGroup = 52B8978F23FC665D001CC298;
			productRefGroup = 52B8979923FC665E001CC298 /* Products */;
			projectDirPath = "";
			projectRoot = "";
			targets = (
				52B8979723FC665E001CC298 /* Hystouri */,
				52B897AD23FC6665001CC298 /* HystouriTests */,
				52B897B823FC6665001CC298 /* HystouriUITests */,
			);
		};
/* End PBXProject section */

/* Begin PBXResourcesBuildPhase section */
		52B8979623FC665E001CC298 /* Resources */ = {
			isa = PBXResourcesBuildPhase;
			buildActionMask = 2147483647;
			files = (
				52B897A823FC6664001CC298 /* LaunchScreen.storyboard in Resources */,
				5397D03C2400459F0060F602 /* GoogleService-Info (3).plist in Resources */,
				52B897A523FC6664001CC298 /* Assets.xcassets in Resources */,
				52B897A323FC665E001CC298 /* Main.storyboard in Resources */,
			);
			runOnlyForDeploymentPostprocessing = 0;
		};
		52B897AC23FC6665001CC298 /* Resources */ = {
			isa = PBXResourcesBuildPhase;
			buildActionMask = 2147483647;
			files = (
			);
			runOnlyForDeploymentPostprocessing = 0;
		};
		52B897B723FC6665001CC298 /* Resources */ = {
			isa = PBXResourcesBuildPhase;
			buildActionMask = 2147483647;
			files = (
			);
			runOnlyForDeploymentPostprocessing = 0;
		};
/* End PBXResourcesBuildPhase section */

/* Begin PBXShellScriptBuildPhase section */
		830161EB14E81C530C19A7EE /* [CP] Embed Pods Frameworks */ = {
			isa = PBXShellScriptBuildPhase;
			buildActionMask = 2147483647;
			files = (
			);
			inputFileListPaths = (
				"${PODS_ROOT}/Target Support Files/Pods-Hystouri/Pods-Hystouri-frameworks-${CONFIGURATION}-input-files.xcfilelist",
			);
			name = "[CP] Embed Pods Frameworks";
			outputFileListPaths = (
				"${PODS_ROOT}/Target Support Files/Pods-Hystouri/Pods-Hystouri-frameworks-${CONFIGURATION}-output-files.xcfilelist",
			);
			runOnlyForDeploymentPostprocessing = 0;
			shellPath = /bin/sh;
			shellScript = "\"${PODS_ROOT}/Target Support Files/Pods-Hystouri/Pods-Hystouri-frameworks.sh\"\n";
			showEnvVarsInLog = 0;
		};
		B4911270BAE1215FCF50C563 /* [CP] Check Pods Manifest.lock */ = {
			isa = PBXShellScriptBuildPhase;
			buildActionMask = 2147483647;
			files = (
			);
			inputFileListPaths = (
			);
			inputPaths = (
				"${PODS_PODFILE_DIR_PATH}/Podfile.lock",
				"${PODS_ROOT}/Manifest.lock",
			);
			name = "[CP] Check Pods Manifest.lock";
			outputFileListPaths = (
			);
			outputPaths = (
				"$(DERIVED_FILE_DIR)/Pods-Hystouri-checkManifestLockResult.txt",
			);
			runOnlyForDeploymentPostprocessing = 0;
			shellPath = /bin/sh;
			shellScript = "diff \"${PODS_PODFILE_DIR_PATH}/Podfile.lock\" \"${PODS_ROOT}/Manifest.lock\" > /dev/null\nif [ $? != 0 ] ; then\n    # print error to STDERR\n    echo \"error: The sandbox is not in sync with the Podfile.lock. Run 'pod install' or update your CocoaPods installation.\" >&2\n    exit 1\nfi\n# This output is used by Xcode 'outputs' to avoid re-running this script phase.\necho \"SUCCESS\" > \"${SCRIPT_OUTPUT_FILE_0}\"\n";
			showEnvVarsInLog = 0;
		};
/* End PBXShellScriptBuildPhase section */

/* Begin PBXSourcesBuildPhase section */
		52B8979423FC665E001CC298 /* Sources */ = {
			isa = PBXSourcesBuildPhase;
			buildActionMask = 2147483647;
			files = (
				537896DC240447B500D65AFB /* ProfileViewController.swift in Sources */,
				52B897A023FC665E001CC298 /* MapViewController.swift in Sources */,
				52B8979C23FC665E001CC298 /* AppDelegate.swift in Sources */,
				537896D82404471800D65AFB /* SignUpViewController.swift in Sources */,
				537896DA2404474100D65AFB /* LogInViewController.swift in Sources */,
				52B8979E23FC665E001CC298 /* SceneDelegate.swift in Sources */,
			);
			runOnlyForDeploymentPostprocessing = 0;
		};
		52B897AA23FC6665001CC298 /* Sources */ = {
			isa = PBXSourcesBuildPhase;
			buildActionMask = 2147483647;
			files = (
				52B897B323FC6665001CC298 /* HystouriTests.swift in Sources */,
			);
			runOnlyForDeploymentPostprocessing = 0;
		};
		52B897B523FC6665001CC298 /* Sources */ = {
			isa = PBXSourcesBuildPhase;
			buildActionMask = 2147483647;
			files = (
				52B897BE23FC6665001CC298 /* HystouriUITests.swift in Sources */,
			);
			runOnlyForDeploymentPostprocessing = 0;
		};
/* End PBXSourcesBuildPhase section */

/* Begin PBXTargetDependency section */
		52B897B023FC6665001CC298 /* PBXTargetDependency */ = {
			isa = PBXTargetDependency;
			target = 52B8979723FC665E001CC298 /* Hystouri */;
			targetProxy = 52B897AF23FC6665001CC298 /* PBXContainerItemProxy */;
		};
		52B897BB23FC6665001CC298 /* PBXTargetDependency */ = {
			isa = PBXTargetDependency;
			target = 52B8979723FC665E001CC298 /* Hystouri */;
			targetProxy = 52B897BA23FC6665001CC298 /* PBXContainerItemProxy */;
		};
/* End PBXTargetDependency section */

/* Begin PBXVariantGroup section */
		52B897A123FC665E001CC298 /* Main.storyboard */ = {
			isa = PBXVariantGroup;
			children = (
				52B897A223FC665E001CC298 /* Base */,
			);
			name = Main.storyboard;
			sourceTree = "<group>";
		};
		52B897A623FC6664001CC298 /* LaunchScreen.storyboard */ = {
			isa = PBXVariantGroup;
			children = (
				52B897A723FC6664001CC298 /* Base */,
			);
			name = LaunchScreen.storyboard;
			sourceTree = "<group>";
		};
/* End PBXVariantGroup section */

/* Begin XCBuildConfiguration section */
		52B897C023FC6665001CC298 /* Debug */ = {
			isa = XCBuildConfiguration;
			buildSettings = {
				ALWAYS_SEARCH_USER_PATHS = NO;
				CLANG_ANALYZER_NONNULL = YES;
				CLANG_ANALYZER_NUMBER_OBJECT_CONVERSION = YES_AGGRESSIVE;
				CLANG_CXX_LANGUAGE_STANDARD = "gnu++14";
				CLANG_CXX_LIBRARY = "libc++";
				CLANG_ENABLE_MODULES = YES;
				CLANG_ENABLE_OBJC_ARC = YES;
				CLANG_ENABLE_OBJC_WEAK = YES;
				CLANG_WARN_BLOCK_CAPTURE_AUTORELEASING = YES;
				CLANG_WARN_BOOL_CONVERSION = YES;
				CLANG_WARN_COMMA = YES;
				CLANG_WARN_CONSTANT_CONVERSION = YES;
				CLANG_WARN_DEPRECATED_OBJC_IMPLEMENTATIONS = YES;
				CLANG_WARN_DIRECT_OBJC_ISA_USAGE = YES_ERROR;
				CLANG_WARN_DOCUMENTATION_COMMENTS = YES;
				CLANG_WARN_EMPTY_BODY = YES;
				CLANG_WARN_ENUM_CONVERSION = YES;
				CLANG_WARN_INFINITE_RECURSION = YES;
				CLANG_WARN_INT_CONVERSION = YES;
				CLANG_WARN_NON_LITERAL_NULL_CONVERSION = YES;
				CLANG_WARN_OBJC_IMPLICIT_RETAIN_SELF = YES;
				CLANG_WARN_OBJC_LITERAL_CONVERSION = YES;
				CLANG_WARN_OBJC_ROOT_CLASS = YES_ERROR;
				CLANG_WARN_RANGE_LOOP_ANALYSIS = YES;
				CLANG_WARN_STRICT_PROTOTYPES = YES;
				CLANG_WARN_SUSPICIOUS_MOVE = YES;
				CLANG_WARN_UNGUARDED_AVAILABILITY = YES_AGGRESSIVE;
				CLANG_WARN_UNREACHABLE_CODE = YES;
				CLANG_WARN__DUPLICATE_METHOD_MATCH = YES;
				COPY_PHASE_STRIP = NO;
				DEBUG_INFORMATION_FORMAT = dwarf;
				ENABLE_STRICT_OBJC_MSGSEND = YES;
				ENABLE_TESTABILITY = YES;
				GCC_C_LANGUAGE_STANDARD = gnu11;
				GCC_DYNAMIC_NO_PIC = NO;
				GCC_NO_COMMON_BLOCKS = YES;
				GCC_OPTIMIZATION_LEVEL = 0;
				GCC_PREPROCESSOR_DEFINITIONS = (
					"DEBUG=1",
					"$(inherited)",
				);
				GCC_WARN_64_TO_32_BIT_CONVERSION = YES;
				GCC_WARN_ABOUT_RETURN_TYPE = YES_ERROR;
				GCC_WARN_UNDECLARED_SELECTOR = YES;
				GCC_WARN_UNINITIALIZED_AUTOS = YES_AGGRESSIVE;
				GCC_WARN_UNUSED_FUNCTION = YES;
				GCC_WARN_UNUSED_VARIABLE = YES;
				IPHONEOS_DEPLOYMENT_TARGET = 13.2;
				MTL_ENABLE_DEBUG_INFO = INCLUDE_SOURCE;
				MTL_FAST_MATH = YES;
				ONLY_ACTIVE_ARCH = YES;
				SDKROOT = iphoneos;
				SWIFT_ACTIVE_COMPILATION_CONDITIONS = DEBUG;
				SWIFT_OPTIMIZATION_LEVEL = "-Onone";
			};
			name = Debug;
		};
		52B897C123FC6665001CC298 /* Release */ = {
			isa = XCBuildConfiguration;
			buildSettings = {
				ALWAYS_SEARCH_USER_PATHS = NO;
				CLANG_ANALYZER_NONNULL = YES;
				CLANG_ANALYZER_NUMBER_OBJECT_CONVERSION = YES_AGGRESSIVE;
				CLANG_CXX_LANGUAGE_STANDARD = "gnu++14";
				CLANG_CXX_LIBRARY = "libc++";
				CLANG_ENABLE_MODULES = YES;
				CLANG_ENABLE_OBJC_ARC = YES;
				CLANG_ENABLE_OBJC_WEAK = YES;
				CLANG_WARN_BLOCK_CAPTURE_AUTORELEASING = YES;
				CLANG_WARN_BOOL_CONVERSION = YES;
				CLANG_WARN_COMMA = YES;
				CLANG_WARN_CONSTANT_CONVERSION = YES;
				CLANG_WARN_DEPRECATED_OBJC_IMPLEMENTATIONS = YES;
				CLANG_WARN_DIRECT_OBJC_ISA_USAGE = YES_ERROR;
				CLANG_WARN_DOCUMENTATION_COMMENTS = YES;
				CLANG_WARN_EMPTY_BODY = YES;
				CLANG_WARN_ENUM_CONVERSION = YES;
				CLANG_WARN_INFINITE_RECURSION = YES;
				CLANG_WARN_INT_CONVERSION = YES;
				CLANG_WARN_NON_LITERAL_NULL_CONVERSION = YES;
				CLANG_WARN_OBJC_IMPLICIT_RETAIN_SELF = YES;
				CLANG_WARN_OBJC_LITERAL_CONVERSION = YES;
				CLANG_WARN_OBJC_ROOT_CLASS = YES_ERROR;
				CLANG_WARN_RANGE_LOOP_ANALYSIS = YES;
				CLANG_WARN_STRICT_PROTOTYPES = YES;
				CLANG_WARN_SUSPICIOUS_MOVE = YES;
				CLANG_WARN_UNGUARDED_AVAILABILITY = YES_AGGRESSIVE;
				CLANG_WARN_UNREACHABLE_CODE = YES;
				CLANG_WARN__DUPLICATE_METHOD_MATCH = YES;
				COPY_PHASE_STRIP = NO;
				DEBUG_INFORMATION_FORMAT = "dwarf-with-dsym";
				ENABLE_NS_ASSERTIONS = NO;
				ENABLE_STRICT_OBJC_MSGSEND = YES;
				GCC_C_LANGUAGE_STANDARD = gnu11;
				GCC_NO_COMMON_BLOCKS = YES;
				GCC_WARN_64_TO_32_BIT_CONVERSION = YES;
				GCC_WARN_ABOUT_RETURN_TYPE = YES_ERROR;
				GCC_WARN_UNDECLARED_SELECTOR = YES;
				GCC_WARN_UNINITIALIZED_AUTOS = YES_AGGRESSIVE;
				GCC_WARN_UNUSED_FUNCTION = YES;
				GCC_WARN_UNUSED_VARIABLE = YES;
				IPHONEOS_DEPLOYMENT_TARGET = 13.2;
				MTL_ENABLE_DEBUG_INFO = NO;
				MTL_FAST_MATH = YES;
				SDKROOT = iphoneos;
				SWIFT_COMPILATION_MODE = wholemodule;
				SWIFT_OPTIMIZATION_LEVEL = "-O";
				VALIDATE_PRODUCT = YES;
			};
			name = Release;
		};
		52B897C323FC6665001CC298 /* Debug */ = {
			isa = XCBuildConfiguration;
			baseConfigurationReference = A4161A55A0344DF54B3B9E15 /* Pods-Hystouri.debug.xcconfig */;
			buildSettings = {
				ASSETCATALOG_COMPILER_APPICON_NAME = AppIcon;
				CODE_SIGN_STYLE = Automatic;
				INFOPLIST_FILE = Hystouri/Info.plist;
				LD_RUNPATH_SEARCH_PATHS = (
					"$(inherited)",
					"@executable_path/Frameworks",
				);
				PRODUCT_BUNDLE_IDENTIFIER = Bredbenner.Hystouri;
				PRODUCT_NAME = "$(TARGET_NAME)";
				SWIFT_VERSION = 5.0;
				TARGETED_DEVICE_FAMILY = "1,2";
			};
			name = Debug;
		};
		52B897C423FC6665001CC298 /* Release */ = {
			isa = XCBuildConfiguration;
			baseConfigurationReference = 12D57088B0DED1F005E0E90C /* Pods-Hystouri.release.xcconfig */;
			buildSettings = {
				ASSETCATALOG_COMPILER_APPICON_NAME = AppIcon;
				CODE_SIGN_STYLE = Automatic;
				INFOPLIST_FILE = Hystouri/Info.plist;
				LD_RUNPATH_SEARCH_PATHS = (
					"$(inherited)",
					"@executable_path/Frameworks",
				);
				PRODUCT_BUNDLE_IDENTIFIER = Bredbenner.Hystouri;
				PRODUCT_NAME = "$(TARGET_NAME)";
				SWIFT_VERSION = 5.0;
				TARGETED_DEVICE_FAMILY = "1,2";
			};
			name = Release;
		};
		52B897C623FC6665001CC298 /* Debug */ = {
			isa = XCBuildConfiguration;
			buildSettings = {
				ALWAYS_EMBED_SWIFT_STANDARD_LIBRARIES = YES;
				BUNDLE_LOADER = "$(TEST_HOST)";
				CODE_SIGN_STYLE = Automatic;
				INFOPLIST_FILE = HystouriTests/Info.plist;
				IPHONEOS_DEPLOYMENT_TARGET = 13.2;
				LD_RUNPATH_SEARCH_PATHS = (
					"$(inherited)",
					"@executable_path/Frameworks",
					"@loader_path/Frameworks",
				);
				PRODUCT_BUNDLE_IDENTIFIER = Bredbenner.HystouriTests;
				PRODUCT_NAME = "$(TARGET_NAME)";
				SWIFT_VERSION = 5.0;
				TARGETED_DEVICE_FAMILY = "1,2";
				TEST_HOST = "$(BUILT_PRODUCTS_DIR)/Hystouri.app/Hystouri";
			};
			name = Debug;
		};
		52B897C723FC6665001CC298 /* Release */ = {
			isa = XCBuildConfiguration;
			buildSettings = {
				ALWAYS_EMBED_SWIFT_STANDARD_LIBRARIES = YES;
				BUNDLE_LOADER = "$(TEST_HOST)";
				CODE_SIGN_STYLE = Automatic;
				INFOPLIST_FILE = HystouriTests/Info.plist;
				IPHONEOS_DEPLOYMENT_TARGET = 13.2;
				LD_RUNPATH_SEARCH_PATHS = (
					"$(inherited)",
					"@executable_path/Frameworks",
					"@loader_path/Frameworks",
				);
				PRODUCT_BUNDLE_IDENTIFIER = Bredbenner.HystouriTests;
				PRODUCT_NAME = "$(TARGET_NAME)";
				SWIFT_VERSION = 5.0;
				TARGETED_DEVICE_FAMILY = "1,2";
				TEST_HOST = "$(BUILT_PRODUCTS_DIR)/Hystouri.app/Hystouri";
			};
			name = Release;
		};
		52B897C923FC6665001CC298 /* Debug */ = {
			isa = XCBuildConfiguration;
			buildSettings = {
				ALWAYS_EMBED_SWIFT_STANDARD_LIBRARIES = YES;
				CODE_SIGN_STYLE = Automatic;
				INFOPLIST_FILE = HystouriUITests/Info.plist;
				LD_RUNPATH_SEARCH_PATHS = (
					"$(inherited)",
					"@executable_path/Frameworks",
					"@loader_path/Frameworks",
				);
				PRODUCT_BUNDLE_IDENTIFIER = Bredbenner.HystouriUITests;
				PRODUCT_NAME = "$(TARGET_NAME)";
				SWIFT_VERSION = 5.0;
				TARGETED_DEVICE_FAMILY = "1,2";
				TEST_TARGET_NAME = Hystouri;
			};
			name = Debug;
		};
		52B897CA23FC6665001CC298 /* Release */ = {
			isa = XCBuildConfiguration;
			buildSettings = {
				ALWAYS_EMBED_SWIFT_STANDARD_LIBRARIES = YES;
				CODE_SIGN_STYLE = Automatic;
				INFOPLIST_FILE = HystouriUITests/Info.plist;
				LD_RUNPATH_SEARCH_PATHS = (
					"$(inherited)",
					"@executable_path/Frameworks",
					"@loader_path/Frameworks",
				);
				PRODUCT_BUNDLE_IDENTIFIER = Bredbenner.HystouriUITests;
				PRODUCT_NAME = "$(TARGET_NAME)";
				SWIFT_VERSION = 5.0;
				TARGETED_DEVICE_FAMILY = "1,2";
				TEST_TARGET_NAME = Hystouri;
			};
			name = Release;
		};
/* End XCBuildConfiguration section */

/* Begin XCConfigurationList section */
		52B8979323FC665D001CC298 /* Build configuration list for PBXProject "Hystouri" */ = {
			isa = XCConfigurationList;
			buildConfigurations = (
				52B897C023FC6665001CC298 /* Debug */,
				52B897C123FC6665001CC298 /* Release */,
			);
			defaultConfigurationIsVisible = 0;
			defaultConfigurationName = Release;
		};
		52B897C223FC6665001CC298 /* Build configuration list for PBXNativeTarget "Hystouri" */ = {
			isa = XCConfigurationList;
			buildConfigurations = (
				52B897C323FC6665001CC298 /* Debug */,
				52B897C423FC6665001CC298 /* Release */,
			);
			defaultConfigurationIsVisible = 0;
			defaultConfigurationName = Release;
		};
		52B897C523FC6665001CC298 /* Build configuration list for PBXNativeTarget "HystouriTests" */ = {
			isa = XCConfigurationList;
			buildConfigurations = (
				52B897C623FC6665001CC298 /* Debug */,
				52B897C723FC6665001CC298 /* Release */,
			);
			defaultConfigurationIsVisible = 0;
			defaultConfigurationName = Release;
		};
		52B897C823FC6665001CC298 /* Build configuration list for PBXNativeTarget "HystouriUITests" */ = {
			isa = XCConfigurationList;
			buildConfigurations = (
				52B897C923FC6665001CC298 /* Debug */,
				52B897CA23FC6665001CC298 /* Release */,
			);
			defaultConfigurationIsVisible = 0;
			defaultConfigurationName = Release;
		};
/* End XCConfigurationList section */
	};
	rootObject = 52B8979023FC665D001CC298 /* Project object */;
}
